
Microsoft Visual Studio Solution File, Format Version 12.00
# Visual Studio Version 17
VisualStudioVersion = 17.8.34322.80
MinimumVisualStudioVersion = 10.0.40219.1
Project("{FAE04EC0-301F-11D3-BF4B-00C04F79EFBC}") = "RayLikeWasm", "RayLikeWasm\RayLikeWasm.csproj", "{30EA0606-C03A-4B9C-8B06-BD751084F143}"
EndProject
Project("{FAE04EC0-301F-11D3-BF4B-00C04F79EFBC}") = "RayLikeDesktop", "RayLikeDesktop\RayLikeDesktop.csproj", "{A72A158E-3013-49ED-8D4B-14BCD7AE7F3F}"
EndProject
Project("{FAE04EC0-301F-11D3-BF4B-00C04F79EFBC}") = "RayLikeShared", "RayLikeShared\RayLikeShared.csproj", "{F02AF0F1-27DB-4C40-A0C3-4C326F892791}"
EndProject
Global
	GlobalSection(SolutionConfigurationPlatforms) = preSolution
		Debug|Any CPU = Debug|Any CPU
		Release|Any CPU = Release|Any CPU
	EndGlobalSection
	GlobalSection(ProjectConfigurationPlatforms) = postSolution
		{30EA0606-C03A-4B9C-8B06-BD751084F143}.Debug|Any CPU.ActiveCfg = Debug|Any CPU
		{30EA0606-C03A-4B9C-8B06-BD751084F143}.Debug|Any CPU.Build.0 = Debug|Any CPU
		{30EA0606-C03A-4B9C-8B06-BD751084F143}.Release|Any CPU.ActiveCfg = Release|Any CPU
		{30EA0606-C03A-4B9C-8B06-BD751084F143}.Release|Any CPU.Build.0 = Release|Any CPU
		{A72A158E-3013-49ED-8D4B-14BCD7AE7F3F}.Debug|Any CPU.ActiveCfg = Debug|Any CPU
		{A72A158E-3013-49ED-8D4B-14BCD7AE7F3F}.Debug|Any CPU.Build.0 = Debug|Any CPU
		{A72A158E-3013-49ED-8D4B-14BCD7AE7F3F}.Release|Any CPU.ActiveCfg = Release|Any CPU
		{A72A158E-3013-49ED-8D4B-14BCD7AE7F3F}.Release|Any CPU.Build.0 = Release|Any CPU
		{F02AF0F1-27DB-4C40-A0C3-4C326F892791}.Debug|Any CPU.ActiveCfg = Debug|Any CPU
		{F02AF0F1-27DB-4C40-A0C3-4C326F892791}.Debug|Any CPU.Build.0 = Debug|Any CPU
		{F02AF0F1-27DB-4C40-A0C3-4C326F892791}.Release|Any CPU.ActiveCfg = Release|Any CPU
		{F02AF0F1-27DB-4C40-A0C3-4C326F892791}.Release|Any CPU.Build.0 = Release|Any CPU
	EndGlobalSection
	GlobalSection(SolutionProperties) = preSolution
		HideSolutionNode = FALSE
	EndGlobalSection
	GlobalSection(ExtensibilityGlobals) = postSolution
		SolutionGuid = {49B9584B-E3E8-4D4A-8516-960D4A4F31A6}
	EndGlobalSection
EndGlobal
